// !$*UTF8*$!
{
	archiveVersion = 1;
	classes = {
	};
	objectVersion = 77;
	objects = {

/* Begin PBXContainerItemProxy section */
		3A2B749A2D31ADF6005D156F /* PBXContainerItemProxy */ = {
			isa = PBXContainerItemProxy;
			containerPortal = 3A2B747B2D31ADF3005D156F /* Project object */;
			proxyType = 1;
			remoteGlobalIDString = 3A2B74822D31ADF4005D156F;
			remoteInfo = "i am rich";
		};
		3A2B74A42D31ADF6005D156F /* PBXContainerItemProxy */ = {
			isa = PBXContainerItemProxy;
			containerPortal = 3A2B747B2D31ADF3005D156F /* Project object */;
			proxyType = 1;
			remoteGlobalIDString = 3A2B74822D31ADF4005D156F;
			remoteInfo = "i am rich";
		};
/* End PBXContainerItemProxy section */

/* Begin PBXFileReference section */
		3A2B74832D31ADF4005D156F /* i am rich.app */ = {isa = PBXFileReference; explicitFileType = wrapper.application; includeInIndex = 0; path = "i am rich.app"; sourceTree = BUILT_PRODUCTS_DIR; };
		3A2B74992D31ADF6005D156F /* i am richTests.xctest */ = {isa = PBXFileReference; explicitFileType = wrapper.cfbundle; includeInIndex = 0; path = "i am richTests.xctest"; sourceTree = BUILT_PRODUCTS_DIR; };
		3A2B74A32D31ADF6005D156F /* i am richUITests.xctest */ = {isa = PBXFileReference; explicitFileType = wrapper.cfbundle; includeInIndex = 0; path = "i am richUITests.xctest"; sourceTree = BUILT_PRODUCTS_DIR; };
/* End PBXFileReference section */

/* Begin PBXFileSystemSynchronizedBuildFileExceptionSet section */
		3A2B74AB2D31ADF6005D156F /* Exceptions for "i am rich" folder in "i am rich" target */ = {
			isa = PBXFileSystemSynchronizedBuildFileExceptionSet;
			membershipExceptions = (
				Info.plist,
			);
			target = 3A2B74822D31ADF4005D156F /* i am rich */;
		};
/* End PBXFileSystemSynchronizedBuildFileExceptionSet section */

/* Begin PBXFileSystemSynchronizedRootGroup section */
		3A2B74852D31ADF4005D156F /* i am rich */ = {
			isa = PBXFileSystemSynchronizedRootGroup;
			exceptions = (
				3A2B74AB2D31ADF6005D156F /* Exceptions for "i am rich" folder in "i am rich" target */,
			);
			path = "i am rich";
			sourceTree = "<group>";
		};
		3A2B749C2D31ADF6005D156F /* i am richTests */ = {
			isa = PBXFileSystemSynchronizedRootGroup;
			path = "i am richTests";
			sourceTree = "<group>";
		};
		3A2B74A62D31ADF6005D156F /* i am richUITests */ = {
			isa = PBXFileSystemSynchronizedRootGroup;
			path = "i am richUITests";
			sourceTree = "<group>";
		};
/* End PBXFileSystemSynchronizedRootGroup section */

/* Begin PBXFrameworksBuildPhase section */
		3A2B74802D31ADF4005D156F /* Frameworks */ = {
			isa = PBXFrameworksBuildPhase;
			buildActionMask = 2147483647;
			files = (
			);
			runOnlyForDeploymentPostprocessing = 0;
		};
		3A2B74962D31ADF6005D156F /* Frameworks */ = {
			isa = PBXFrameworksBuildPhase;
			buildActionMask = 2147483647;
			files = (
			);
			runOnlyForDeploymentPostprocessing = 0;
		};
		3A2B74A02D31ADF6005D156F /* Frameworks */ = {
			isa = PBXFrameworksBuildPhase;
			buildActionMask = 2147483647;
			files = (
			);
			runOnlyForDeploymentPostprocessing = 0;
		};
/* End PBXFrameworksBuildPhase section */

/* Begin PBXGroup section */
		3A2B747A2D31ADF3005D156F = {
			isa = PBXGroup;
			children = (
				3A2B74852D31ADF4005D156F /* i am rich */,
				3A2B749C2D31ADF6005D156F /* i am richTests */,
				3A2B74A62D31ADF6005D156F /* i am richUITests */,
				3A2B74842D31ADF4005D156F /* Products */,
			);
			sourceTree = "<group>";
		};
		3A2B74842D31ADF4005D156F /* Products */ = {
			isa = PBXGroup;
			children = (
				3A2B74832D31ADF4005D156F /* i am rich.app */,
				3A2B74992D31ADF6005D156F /* i am richTests.xctest */,
				3A2B74A32D31ADF6005D156F /* i am richUITests.xctest */,
			);
			name = Products;
			sourceTree = "<group>";
		};
/* End PBXGroup section */

/* Begin PBXNativeTarget section */
		3A2B74822D31ADF4005D156F /* i am rich */ = {
			isa = PBXNativeTarget;
			buildConfigurationList = 3A2B74AC2D31ADF6005D156F /* Build configuration list for PBXNativeTarget "i am rich" */;
			buildPhases = (
				3A2B747F2D31ADF4005D156F /* Sources */,
				3A2B74802D31ADF4005D156F /* Frameworks */,
				3A2B74812D31ADF4005D156F /* Resources */,
			);
			buildRules = (
			);
			dependencies = (
			);
			fileSystemSynchronizedGroups = (
				3A2B74852D31ADF4005D156F /* i am rich */,
			);
			name = "i am rich";
			packageProductDependencies = (
			);
			productName = "i am rich";
			productReference = 3A2B74832D31ADF4005D156F /* i am rich.app */;
			productType = "com.apple.product-type.application";
		};
		3A2B74982D31ADF6005D156F /* i am richTests */ = {
			isa = PBXNativeTarget;
			buildConfigurationList = 3A2B74B12D31ADF6005D156F /* Build configuration list for PBXNativeTarget "i am richTests" */;
			buildPhases = (
				3A2B74952D31ADF6005D156F /* Sources */,
				3A2B74962D31ADF6005D156F /* Frameworks */,
				3A2B74972D31ADF6005D156F /* Resources */,
			);
			buildRules = (
			);
			dependencies = (
				3A2B749B2D31ADF6005D156F /* PBXTargetDependency */,
			);
			fileSystemSynchronizedGroups = (
				3A2B749C2D31ADF6005D156F /* i am richTests */,
			);
			name = "i am richTests";
			packageProductDependencies = (
			);
			productName = "i am richTests";
			productReference = 3A2B74992D31ADF6005D156F /* i am richTests.xctest */;
			productType = "com.apple.product-type.bundle.unit-test";
		};
		3A2B74A22D31ADF6005D156F /* i am richUITests */ = {
			isa = PBXNativeTarget;
			buildConfigurationList = 3A2B74B42D31ADF6005D156F /* Build configuration list for PBXNativeTarget "i am richUITests" */;
			buildPhases = (
				3A2B749F2D31ADF6005D156F /* Sources */,
				3A2B74A02D31ADF6005D156F /* Frameworks */,
				3A2B74A12D31ADF6005D156F /* Resources */,
			);
			buildRules = (
			);
			dependencies = (
				3A2B74A52D31ADF6005D156F /* PBXTargetDependency */,
			);
			fileSystemSynchronizedGroups = (
				3A2B74A62D31ADF6005D156F /* i am richUITests */,
			);
			name = "i am richUITests";
			packageProductDependencies = (
			);
			productName = "i am richUITests";
			productReference = 3A2B74A32D31ADF6005D156F /* i am richUITests.xctest */;
			productType = "com.apple.product-type.bundle.ui-testing";
		};
/* End PBXNativeTarget section */

/* Begin PBXProject section */
		3A2B747B2D31ADF3005D156F /* Project object */ = {
			isa = PBXProject;
			attributes = {
				BuildIndependentTargetsInParallel = 1;
				LastSwiftUpdateCheck = 1620;
				LastUpgradeCheck = 1620;
				TargetAttributes = {
					3A2B74822D31ADF4005D156F = {
						CreatedOnToolsVersion = 16.2;
					};
					3A2B74982D31ADF6005D156F = {
						CreatedOnToolsVersion = 16.2;
						TestTargetID = 3A2B74822D31ADF4005D156F;
					};
					3A2B74A22D31ADF6005D156F = {
						CreatedOnToolsVersion = 16.2;
						TestTargetID = 3A2B74822D31ADF4005D156F;
					};
				};
			};
			buildConfigurationList = 3A2B747E2D31ADF3005D156F /* Build configuration list for PBXProject "i am rich" */;
			developmentRegion = en;
			hasScannedForEncodings = 0;
			knownRegions = (
				en,
				Base,
			);
			mainGroup = 3A2B747A2D31ADF3005D156F;
			minimizedProjectReferenceProxies = 1;
			preferredProjectObjectVersion = 77;
			productRefGroup = 3A2B74842D31ADF4005D156F /* Products */;
			projectDirPath = "";
			projectRoot = "";
			targets = (
				3A2B74822D31ADF4005D156F /* i am rich */,
				3A2B74982D31ADF6005D156F /* i am richTests */,
				3A2B74A22D31ADF6005D156F /* i am richUITests */,
			);
		};
/* End PBXProject section */

/* Begin PBXResourcesBuildPhase section */
		3A2B74812D31ADF4005D156F /* Resources */ = {
			isa = PBXResourcesBuildPhase;
			buildActionMask = 2147483647;
			files = (
			);
			runOnlyForDeploymentPostprocessing = 0;
		};
		3A2B74972D31ADF6005D156F /* Resources */ = {
			isa = PBXResourcesBuildPhase;
			buildActionMask = 2147483647;
			files = (
			);
			runOnlyForDeploymentPostprocessing = 0;
		};
		3A2B74A12D31ADF6005D156F /* Resources */ = {
			isa = PBXResourcesBuildPhase;
			buildActionMask = 2147483647;
			files = (
			);
			runOnlyForDeploymentPostprocessing = 0;
		};
/* End PBXResourcesBuildPhase section */

/* Begin PBXSourcesBuildPhase section */
		3A2B747F2D31ADF4005D156F /* Sources */ = {
			isa = PBXSourcesBuildPhase;
			buildActionMask = 2147483647;
			files = (
			);
			runOnlyForDeploymentPostprocessing = 0;
		};
		3A2B74952D31ADF6005D156F /* Sources */ = {
			isa = PBXSourcesBuildPhase;
			buildActionMask = 2147483647;
			files = (
			);
			runOnlyForDeploymentPostprocessing = 0;
		};
		3A2B749F2D31ADF6005D156F /* Sources */ = {
			isa = PBXSourcesBuildPhase;
			buildActionMask = 2147483647;
			files = (
			);
			runOnlyForDeploymentPostprocessing = 0;
		};
/* End PBXSourcesBuildPhase section */

/* Begin PBXTargetDependency section */
		3A2B749B2D31ADF6005D156F /* PBXTargetDependency */ = {
			isa = PBXTargetDependency;
			target = 3A2B74822D31ADF4005D156F /* i am rich */;
			targetProxy = 3A2B749A2D31ADF6005D156F /* PBXContainerItemProxy */;
		};
		3A2B74A52D31ADF6005D156F /* PBXTargetDependency */ = {
			isa = PBXTargetDependency;
			target = 3A2B74822D31ADF4005D156F /* i am rich */;
			targetProxy = 3A2B74A42D31ADF6005D156F /* PBXContainerItemProxy */;
		};
/* End PBXTargetDependency section */

/* Begin XCBuildConfiguration section */
		3A2B74AD2D31ADF6005D156F /* Debug */ = {
			isa = XCBuildConfiguration;
			buildSettings = {
				ASSETCATALOG_COMPILER_APPICON_NAME = AppIcon;
				ASSETCATALOG_COMPILER_GLOBAL_ACCENT_COLOR_NAME = AccentColor;
				CODE_SIGN_STYLE = Automatic;
				CURRENT_PROJECT_VERSION = 1;
				GENERATE_INFOPLIST_FILE = YES;
				INFOPLIST_FILE = "i am rich/Info.plist";
				INFOPLIST_KEY_UIApplicationSupportsIndirectInputEvents = YES;
				INFOPLIST_KEY_UILaunchStoryboardName = LaunchScreen;
				INFOPLIST_KEY_UIMainStoryboardFile = Main;
				INFOPLIST_KEY_UISupportedInterfaceOrientations_iPad = "UIInterfaceOrientationPortrait UIInterfaceOrientationPortraitUpsideDown UIInterfaceOrientationLandscapeLeft UIInterfaceOrientationLandscapeRight";
				INFOPLIST_KEY_UISupportedInterfaceOrientations_iPhone = "UIInterfaceOrientationPortrait UIInterfaceOrientationLandscapeLeft UIInterfaceOrientationLandscapeRight";
				LD_RUNPATH_SEARCH_PATHS = (
					"$(inherited)",
					"@executable_path/Frameworks",
				);
				MARKETING_VERSION = 1.0;
				PRODUCT_BUNDLE_IDENTIFIER = "com.ekaterinau.i-am-rich";
				PRODUCT_NAME = "$(TARGET_NAME)";
				SWIFT_EMIT_LOC_STRINGS = YES;
				SWIFT_VERSION = 5.0;
				TARGETED_DEVICE_FAMILY = "1,2";
			};
			name = Debug;
		};
		3A2B74AE2D31ADF6005D156F /* Release */ = {
			isa = XCBuildConfiguration;
			buildSettings = {
				ASSETCATALOG_COMPILER_APPICON_NAME = AppIcon;
				ASSETCATALOG_COMPILER_GLOBAL_ACCENT_COLOR_NAME = AccentColor;
				CODE_SIGN_STYLE = Automatic;
				CURRENT_PROJECT_VERSION = 1;
				GENERATE_INFOPLIST_FILE = YES;
				INFOPLIST_FILE = "i am rich/Info.plist";
				INFOPLIST_KEY_UIApplicationSupportsIndirectInputEvents = YES;
				INFOPLIST_KEY_UILaunchStoryboardName = LaunchScreen;
				INFOPLIST_KEY_UIMainStoryboardFile = Main;
				INFOPLIST_KEY_UISupportedInterfaceOrientations_iPad = "UIInterfaceOrientationPortrait UIInterfaceOrientationPortraitUpsideDown UIInterfaceOrientationLandscapeLeft UIInterfaceOrientationLandscapeRight";
				INFOPLIST_KEY_UISupportedInterfaceOrientations_iPhone = "UIInterfaceOrientationPortrait UIInterfaceOrientationLandscapeLeft UIInterfaceOrientationLandscapeRight";
				LD_RUNPATH_SEARCH_PATHS = (
					"$(inherited)",
					"@executable_path/Frameworks",
				);
				MARKETING_VERSION = 1.0;
				PRODUCT_BUNDLE_IDENTIFIER = "com.ekaterinau.i-am-rich";
				PRODUCT_NAME = "$(TARGET_NAME)";
				SWIFT_EMIT_LOC_STRINGS = YES;
				SWIFT_VERSION = 5.0;
				TARGETED_DEVICE_FAMILY = "1,2";
			};
			name = Release;
		};
		3A2B74AF2D31ADF6005D156F /* Debug */ = {
			isa = XCBuildConfiguration;
			buildSettings = {
				ALWAYS_SEARCH_USER_PATHS = NO;
				ASSETCATALOG_COMPILER_GENERATE_SWIFT_ASSET_SYMBOL_EXTENSIONS = YES;
				CLANG_ANALYZER_NONNULL = YES;
				CLANG_ANALYZER_NUMBER_OBJECT_CONVERSION = YES_AGGRESSIVE;
				CLANG_CXX_LANGUAGE_STANDARD = "gnu++20";
				CLANG_ENABLE_MODULES = YES;
				CLANG_ENABLE_OBJC_ARC = YES;
				CLANG_ENABLE_OBJC_WEAK = YES;
				CLANG_WARN_BLOCK_CAPTURE_AUTORELEASING = YES;
				CLANG_WARN_BOOL_CONVERSION = YES;
				CLANG_WARN_COMMA = YES;
				CLANG_WARN_CONSTANT_CONVERSION = YES;
				CLANG_WARN_DEPRECATED_OBJC_IMPLEMENTATIONS = YES;
				CLANG_WARN_DIRECT_OBJC_ISA_USAGE = YES_ERROR;
				CLANG_WARN_DOCUMENTATION_COMMENTS = YES;
				CLANG_WARN_EMPTY_BODY = YES;
				CLANG_WARN_ENUM_CONVERSION = YES;
				CLANG_WARN_INFINITE_RECURSION = YES;
				CLANG_WARN_INT_CONVERSION = YES;
				CLANG_WARN_NON_LITERAL_NULL_CONVERSION = YES;
				CLANG_WARN_OBJC_IMPLICIT_RETAIN_SELF = YES;
				CLANG_WARN_OBJC_LITERAL_CONVERSION = YES;
				CLANG_WARN_OBJC_ROOT_CLASS = YES_ERROR;
				CLANG_WARN_QUOTED_INCLUDE_IN_FRAMEWORK_HEADER = YES;
				CLANG_WARN_RANGE_LOOP_ANALYSIS = YES;
				CLANG_WARN_STRICT_PROTOTYPES = YES;
				CLANG_WARN_SUSPICIOUS_MOVE = YES;
				CLANG_WARN_UNGUARDED_AVAILABILITY = YES_AGGRESSIVE;
				CLANG_WARN_UNREACHABLE_CODE = YES;
				CLANG_WARN__DUPLICATE_METHOD_MATCH = YES;
				COPY_PHASE_STRIP = NO;
				DEBUG_INFORMATION_FORMAT = dwarf;
				ENABLE_STRICT_OBJC_MSGSEND = YES;
				ENABLE_TESTABILITY = YES;
				ENABLE_USER_SCRIPT_SANDBOXING = YES;
				GCC_C_LANGUAGE_STANDARD = gnu17;
				GCC_DYNAMIC_NO_PIC = NO;
				GCC_NO_COMMON_BLOCKS = YES;
				GCC_OPTIMIZATION_LEVEL = 0;
				GCC_PREPROCESSOR_DEFINITIONS = (
					"DEBUG=1",
					"$(inherited)",
				);
				GCC_WARN_64_TO_32_BIT_CONVERSION = YES;
				GCC_WARN_ABOUT_RETURN_TYPE = YES_ERROR;
				GCC_WARN_UNDECLARED_SELECTOR = YES;
				GCC_WARN_UNINITIALIZED_AUTOS = YES_AGGRESSIVE;
				GCC_WARN_UNUSED_FUNCTION = YES;
				GCC_WARN_UNUSED_VARIABLE = YES;
				IPHONEOS_DEPLOYMENT_TARGET = 18.2;
				LOCALIZATION_PREFERS_STRING_CATALOGS = YES;
				MTL_ENABLE_DEBUG_INFO = INCLUDE_SOURCE;
				MTL_FAST_MATH = YES;
				ONLY_ACTIVE_ARCH = YES;
				SDKROOT = iphoneos;
				SWIFT_ACTIVE_COMPILATION_CONDITIONS = "DEBUG $(inherited)";
				SWIFT_OPTIMIZATION_LEVEL = "-Onone";
			};
			name = Debug;
		};
		3A2B74B02D31ADF6005D156F /* Release */ = {
			isa = XCBuildConfiguration;
			buildSettings = {
				ALWAYS_SEARCH_USER_PATHS = NO;
				ASSETCATALOG_COMPILER_GENERATE_SWIFT_ASSET_SYMBOL_EXTENSIONS = YES;
				CLANG_ANALYZER_NONNULL = YES;
				CLANG_ANALYZER_NUMBER_OBJECT_CONVERSION = YES_AGGRESSIVE;
				CLANG_CXX_LANGUAGE_STANDARD = "gnu++20";
				CLANG_ENABLE_MODULES = YES;
				CLANG_ENABLE_OBJC_ARC = YES;
				CLANG_ENABLE_OBJC_WEAK = YES;
				CLANG_WARN_BLOCK_CAPTURE_AUTORELEASING = YES;
				CLANG_WARN_BOOL_CONVERSION = YES;
				CLANG_WARN_COMMA = YES;
				CLANG_WARN_CONSTANT_CONVERSION = YES;
				CLANG_WARN_DEPRECATED_OBJC_IMPLEMENTATIONS = YES;
				CLANG_WARN_DIRECT_OBJC_ISA_USAGE = YES_ERROR;
				CLANG_WARN_DOCUMENTATION_COMMENTS = YES;
				CLANG_WARN_EMPTY_BODY = YES;
				CLANG_WARN_ENUM_CONVERSION = YES;
				CLANG_WARN_INFINITE_RECURSION = YES;
				CLANG_WARN_INT_CONVERSION = YES;
				CLANG_WARN_NON_LITERAL_NULL_CONVERSION = YES;
				CLANG_WARN_OBJC_IMPLICIT_RETAIN_SELF = YES;
				CLANG_WARN_OBJC_LITERAL_CONVERSION = YES;
				CLANG_WARN_OBJC_ROOT_CLASS = YES_ERROR;
				CLANG_WARN_QUOTED_INCLUDE_IN_FRAMEWORK_HEADER = YES;
				CLANG_WARN_RANGE_LOOP_ANALYSIS = YES;
				CLANG_WARN_STRICT_PROTOTYPES = YES;
				CLANG_WARN_SUSPICIOUS_MOVE = YES;
				CLANG_WARN_UNGUARDED_AVAILABILITY = YES_AGGRESSIVE;
				CLANG_WARN_UNREACHABLE_CODE = YES;
				CLANG_WARN__DUPLICATE_METHOD_MATCH = YES;
				COPY_PHASE_STRIP = NO;
				DEBUG_INFORMATION_FORMAT = "dwarf-with-dsym";
				ENABLE_NS_ASSERTIONS = NO;
				ENABLE_STRICT_OBJC_MSGSEND = YES;
				ENABLE_USER_SCRIPT_SANDBOXING = YES;
				GCC_C_LANGUAGE_STANDARD = gnu17;
				GCC_NO_COMMON_BLOCKS = YES;
				GCC_WARN_64_TO_32_BIT_CONVERSION = YES;
				GCC_WARN_ABOUT_RETURN_TYPE = YES_ERROR;
				GCC_WARN_UNDECLARED_SELECTOR = YES;
				GCC_WARN_UNINITIALIZED_AUTOS = YES_AGGRESSIVE;
				GCC_WARN_UNUSED_FUNCTION = YES;
				GCC_WARN_UNUSED_VARIABLE = YES;
				IPHONEOS_DEPLOYMENT_TARGET = 18.2;
				LOCALIZATION_PREFERS_STRING_CATALOGS = YES;
				MTL_ENABLE_DEBUG_INFO = NO;
				MTL_FAST_MATH = YES;
				SDKROOT = iphoneos;
				SWIFT_COMPILATION_MODE = wholemodule;
				VALIDATE_PRODUCT = YES;
			};
			name = Release;
		};
		3A2B74B22D31ADF6005D156F /* Debug */ = {
			isa = XCBuildConfiguration;
			buildSettings = {
				BUNDLE_LOADER = "$(TEST_HOST)";
				CODE_SIGN_STYLE = Automatic;
				CURRENT_PROJECT_VERSION = 1;
				GENERATE_INFOPLIST_FILE = YES;
				IPHONEOS_DEPLOYMENT_TARGET = 18.2;
				MARKETING_VERSION = 1.0;
				PRODUCT_BUNDLE_IDENTIFIER = "com.ekaterinau.i-am-richTests";
				PRODUCT_NAME = "$(TARGET_NAME)";
				SWIFT_EMIT_LOC_STRINGS = NO;
				SWIFT_VERSION = 5.0;
				TARGETED_DEVICE_FAMILY = "1,2";
				TEST_HOST = "$(BUILT_PRODUCTS_DIR)/i am rich.app/$(BUNDLE_EXECUTABLE_FOLDER_PATH)/i am rich";
			};
			name = Debug;
		};
		3A2B74B32D31ADF6005D156F /* Release */ = {
			isa = XCBuildConfiguration;
			buildSettings = {
				BUNDLE_LOADER = "$(TEST_HOST)";
				CODE_SIGN_STYLE = Automatic;
				CURRENT_PROJECT_VERSION = 1;
				GENERATE_INFOPLIST_FILE = YES;
				IPHONEOS_DEPLOYMENT_TARGET = 18.2;
				MARKETING_VERSION = 1.0;
				PRODUCT_BUNDLE_IDENTIFIER = "com.ekaterinau.i-am-richTests";
				PRODUCT_NAME = "$(TARGET_NAME)";
				SWIFT_EMIT_LOC_STRINGS = NO;
				SWIFT_VERSION = 5.0;
				TARGETED_DEVICE_FAMILY = "1,2";
				TEST_HOST = "$(BUILT_PRODUCTS_DIR)/i am rich.app/$(BUNDLE_EXECUTABLE_FOLDER_PATH)/i am rich";
			};
			name = Release;
		};
		3A2B74B52D31ADF6005D156F /* Debug */ = {
			isa = XCBuildConfiguration;
			buildSettings = {
				CODE_SIGN_STYLE = Automatic;
				CURRENT_PROJECT_VERSION = 1;
				GENERATE_INFOPLIST_FILE = YES;
				MARKETING_VERSION = 1.0;
				PRODUCT_BUNDLE_IDENTIFIER = "com.ekaterinau.i-am-richUITests";
				PRODUCT_NAME = "$(TARGET_NAME)";
				SWIFT_EMIT_LOC_STRINGS = NO;
				SWIFT_VERSION = 5.0;
				TARGETED_DEVICE_FAMILY = "1,2";
				TEST_TARGET_NAME = "i am rich";
			};
			name = Debug;
		};
		3A2B74B62D31ADF6005D156F /* Release */ = {
			isa = XCBuildConfiguration;
			buildSettings = {
				CODE_SIGN_STYLE = Automatic;
				CURRENT_PROJECT_VERSION = 1;
				GENERATE_INFOPLIST_FILE = YES;
				MARKETING_VERSION = 1.0;
				PRODUCT_BUNDLE_IDENTIFIER = "com.ekaterinau.i-am-richUITests";
				PRODUCT_NAME = "$(TARGET_NAME)";
				SWIFT_EMIT_LOC_STRINGS = NO;
				SWIFT_VERSION = 5.0;
				TARGETED_DEVICE_FAMILY = "1,2";
				TEST_TARGET_NAME = "i am rich";
			};
			name = Release;
		};
/* End XCBuildConfiguration section */

/* Begin XCConfigurationList section */
		3A2B747E2D31ADF3005D156F /* Build configuration list for PBXProject "i am rich" */ = {
			isa = XCConfigurationList;
			buildConfigurations = (
				3A2B74AF2D31ADF6005D156F /* Debug */,
				3A2B74B02D31ADF6005D156F /* Release */,
			);
			defaultConfigurationIsVisible = 0;
			defaultConfigurationName = Release;
		};
		3A2B74AC2D31ADF6005D156F /* Build configuration list for PBXNativeTarget "i am rich" */ = {
			isa = XCConfigurationList;
			buildConfigurations = (
				3A2B74AD2D31ADF6005D156F /* Debug */,
				3A2B74AE2D31ADF6005D156F /* Release */,
			);
			defaultConfigurationIsVisible = 0;
			defaultConfigurationName = Release;
		};
		3A2B74B12D31ADF6005D156F /* Build configuration list for PBXNativeTarget "i am richTests" */ = {
			isa = XCConfigurationList;
			buildConfigurations = (
				3A2B74B22D31ADF6005D156F /* Debug */,
				3A2B74B32D31ADF6005D156F /* Release */,
			);
			defaultConfigurationIsVisible = 0;
			defaultConfigurationName = Release;
		};
		3A2B74B42D31ADF6005D156F /* Build configuration list for PBXNativeTarget "i am richUITests" */ = {
			isa = XCConfigurationList;
			buildConfigurations = (
				3A2B74B52D31ADF6005D156F /* Debug */,
				3A2B74B62D31ADF6005D156F /* Release */,
			);
			defaultConfigurationIsVisible = 0;
			defaultConfigurationName = Release;
		};
/* End XCConfigurationList section */
	};
	rootObject = 3A2B747B2D31ADF3005D156F /* Project object */;
}
